
Microsoft Visual Studio Solution File, Format Version 12.00
# Visual Studio Version 16
VisualStudioVersion = 16.0.30225.117
MinimumVisualStudioVersion = 10.0.40219.1
Project("{FAE04EC0-301F-11D3-BF4B-00C04F79EFBC}") = "user-send-microservice", "user-send-microservice\user-send-microservice.csproj", "{2BCC28DA-4E7B-4FC0-99B6-4EE5CBA120B7}"
EndProject
Global
	GlobalSection(SolutionConfigurationPlatforms) = preSolution
		Debug|Any CPU = Debug|Any CPU
		Release|Any CPU = Release|Any CPU
	EndGlobalSection
	GlobalSection(ProjectConfigurationPlatforms) = postSolution
		{2BCC28DA-4E7B-4FC0-99B6-4EE5CBA120B7}.Debug|Any CPU.ActiveCfg = Debug|Any CPU
		{2BCC28DA-4E7B-4FC0-99B6-4EE5CBA120B7}.Debug|Any CPU.Build.0 = Debug|Any CPU
		{2BCC28DA-4E7B-4FC0-99B6-4EE5CBA120B7}.Release|Any CPU.ActiveCfg = Release|Any CPU
		{2BCC28DA-4E7B-4FC0-99B6-4EE5CBA120B7}.Release|Any CPU.Build.0 = Release|Any CPU
	EndGlobalSection
	GlobalSection(SolutionProperties) = preSolution
		HideSolutionNode = FALSE
	EndGlobalSection
	GlobalSection(ExtensibilityGlobals) = postSolution
		SolutionGuid = {CAA17326-D9A5-497F-92F0-E5D7F71C9FAE}
	EndGlobalSection
EndGlobal
